
Microsoft Visual Studio Solution File, Format Version 12.00
# Visual Studio Version 16
VisualStudioVersion = 16.0.30907.101
MinimumVisualStudioVersion = 10.0.40219.1
Project("{9A19103F-16F7-4668-BE54-9A1E7A4F7556}") = "DataAccess", "DataAccess\DataAccess.csproj", "{58E80D81-748A-44CA-9ED4-4C43F961C2AD}"
EndProject
Project("{9A19103F-16F7-4668-BE54-9A1E7A4F7556}") = "Business", "Business\Business.csproj", "{44C8896D-5C16-4500-A189-3EC93B2C9310}"
EndProject
Project("{9A19103F-16F7-4668-BE54-9A1E7A4F7556}") = "Entities", "Entities\Entities.csproj", "{9A6EBB44-9A43-4865-BD9B-9377A31E0820}"
EndProject
Project("{FAE04EC0-301F-11D3-BF4B-00C04F79EFBC}") = "ConsoleUI", "ConsoleUI\ConsoleUI.csproj", "{565D9A57-2AAE-49E5-ADCA-7F2C8D8EC9F2}"
EndProject
Global
	GlobalSection(SolutionConfigurationPlatforms) = preSolution
		Debug|Any CPU = Debug|Any CPU
		Release|Any CPU = Release|Any CPU
	EndGlobalSection
	GlobalSection(ProjectConfigurationPlatforms) = postSolution
		{58E80D81-748A-44CA-9ED4-4C43F961C2AD}.Debug|Any CPU.ActiveCfg = Debug|Any CPU
		{58E80D81-748A-44CA-9ED4-4C43F961C2AD}.Debug|Any CPU.Build.0 = Debug|Any CPU
		{58E80D81-748A-44CA-9ED4-4C43F961C2AD}.Release|Any CPU.ActiveCfg = Release|Any CPU
		{58E80D81-748A-44CA-9ED4-4C43F961C2AD}.Release|Any CPU.Build.0 = Release|Any CPU
		{44C8896D-5C16-4500-A189-3EC93B2C9310}.Debug|Any CPU.ActiveCfg = Debug|Any CPU
		{44C8896D-5C16-4500-A189-3EC93B2C9310}.Debug|Any CPU.Build.0 = Debug|Any CPU
		{44C8896D-5C16-4500-A189-3EC93B2C9310}.Release|Any CPU.ActiveCfg = Release|Any CPU
		{44C8896D-5C16-4500-A189-3EC93B2C9310}.Release|Any CPU.Build.0 = Release|Any CPU
		{9A6EBB44-9A43-4865-BD9B-9377A31E0820}.Debug|Any CPU.ActiveCfg = Debug|Any CPU
		{9A6EBB44-9A43-4865-BD9B-9377A31E0820}.Debug|Any CPU.Build.0 = Debug|Any CPU
		{9A6EBB44-9A43-4865-BD9B-9377A31E0820}.Release|Any CPU.ActiveCfg = Release|Any CPU
		{9A6EBB44-9A43-4865-BD9B-9377A31E0820}.Release|Any CPU.Build.0 = Release|Any CPU
		{565D9A57-2AAE-49E5-ADCA-7F2C8D8EC9F2}.Debug|Any CPU.ActiveCfg = Debug|Any CPU
		{565D9A57-2AAE-49E5-ADCA-7F2C8D8EC9F2}.Debug|Any CPU.Build.0 = Debug|Any CPU
		{565D9A57-2AAE-49E5-ADCA-7F2C8D8EC9F2}.Release|Any CPU.ActiveCfg = Release|Any CPU
		{565D9A57-2AAE-49E5-ADCA-7F2C8D8EC9F2}.Release|Any CPU.Build.0 = Release|Any CPU
	EndGlobalSection
	GlobalSection(SolutionProperties) = preSolution
		HideSolutionNode = FALSE
	EndGlobalSection
	GlobalSection(ExtensibilityGlobals) = postSolution
		SolutionGuid = {AFBEAE3B-360D-42E0-8D9A-75F5CE33E741}
	EndGlobalSection
EndGlobal
